
Microsoft Visual Studio Solution File, Format Version 12.00
# Visual Studio Version 17
VisualStudioVersion = 17.11.35222.181
MinimumVisualStudioVersion = 10.0.40219.1
Project("{FAE04EC0-301F-11D3-BF4B-00C04F79EFBC}") = "Collection1125", "Collection1125\Collection1125.csproj", "{31116FE8-87B1-472D-962C-D5A2DE5B16A4}"
EndProject
Global
	GlobalSection(SolutionConfigurationPlatforms) = preSolution
		Debug|Any CPU = Debug|Any CPU
		Release|Any CPU = Release|Any CPU
	EndGlobalSection
	GlobalSection(ProjectConfigurationPlatforms) = postSolution
		{31116FE8-87B1-472D-962C-D5A2DE5B16A4}.Debug|Any CPU.ActiveCfg = Debug|Any CPU
		{31116FE8-87B1-472D-962C-D5A2DE5B16A4}.Debug|Any CPU.Build.0 = Debug|Any CPU
		{31116FE8-87B1-472D-962C-D5A2DE5B16A4}.Release|Any CPU.ActiveCfg = Release|Any CPU
		{31116FE8-87B1-472D-962C-D5A2DE5B16A4}.Release|Any CPU.Build.0 = Release|Any CPU
	EndGlobalSection
	GlobalSection(SolutionProperties) = preSolution
		HideSolutionNode = FALSE
	EndGlobalSection
	GlobalSection(ExtensibilityGlobals) = postSolution
		SolutionGuid = {2CF019C7-7155-406A-8DCC-A638251E96BC}
	EndGlobalSection
EndGlobal
